
Microsoft Visual Studio Solution File, Format Version 12.00
# Visual Studio Version 17
VisualStudioVersion = 17.5.33414.496
MinimumVisualStudioVersion = 10.0.40219.1
Project("{9A19103F-16F7-4668-BE54-9A1E7A4F7556}") = "InternshipServer", "InternshipServer\InternshipServer.csproj", "{76A89E13-668A-4D18-B18E-E25CA2E70E81}"
EndProject
Project("{FAE04EC0-301F-11D3-BF4B-00C04F79EFBC}") = "EmailSendTrigger", "EmailSendTrigger\EmailSendTrigger.csproj", "{48496BA2-0668-4426-9390-90E34CE43B64}"
EndProject
Global
	GlobalSection(SolutionConfigurationPlatforms) = preSolution
		Debug|Any CPU = Debug|Any CPU
		Release|Any CPU = Release|Any CPU
	EndGlobalSection
	GlobalSection(ProjectConfigurationPlatforms) = postSolution
		{76A89E13-668A-4D18-B18E-E25CA2E70E81}.Debug|Any CPU.ActiveCfg = Debug|Any CPU
		{76A89E13-668A-4D18-B18E-E25CA2E70E81}.Debug|Any CPU.Build.0 = Debug|Any CPU
		{76A89E13-668A-4D18-B18E-E25CA2E70E81}.Release|Any CPU.ActiveCfg = Release|Any CPU
		{76A89E13-668A-4D18-B18E-E25CA2E70E81}.Release|Any CPU.Build.0 = Release|Any CPU
		{48496BA2-0668-4426-9390-90E34CE43B64}.Debug|Any CPU.ActiveCfg = Debug|Any CPU
		{48496BA2-0668-4426-9390-90E34CE43B64}.Debug|Any CPU.Build.0 = Debug|Any CPU
		{48496BA2-0668-4426-9390-90E34CE43B64}.Release|Any CPU.ActiveCfg = Release|Any CPU
		{48496BA2-0668-4426-9390-90E34CE43B64}.Release|Any CPU.Build.0 = Release|Any CPU
	EndGlobalSection
	GlobalSection(SolutionProperties) = preSolution
		HideSolutionNode = FALSE
	EndGlobalSection
	GlobalSection(ExtensibilityGlobals) = postSolution
		SolutionGuid = {13088463-9909-4C76-A018-8514A073354C}
	EndGlobalSection
EndGlobal
